
Microsoft Visual Studio Solution File, Format Version 12.00
# Visual Studio Version 16
VisualStudioVersion = 16.0.29926.136
MinimumVisualStudioVersion = 10.0.40219.1
Project("{8BC9CEB8-8B4A-11D0-8D11-00A0C91BC942}") = "Hangman", "Hangman\Hangman.vcxproj", "{6FF25673-DA74-455D-9756-9A5002505231}"
EndProject
Global
	GlobalSection(SolutionConfigurationPlatforms) = preSolution
		Debug|x64 = Debug|x64
		Debug|x86 = Debug|x86
		Release|x64 = Release|x64
		Release|x86 = Release|x86
	EndGlobalSection
	GlobalSection(ProjectConfigurationPlatforms) = postSolution
		{6FF25673-DA74-455D-9756-9A5002505231}.Debug|x64.ActiveCfg = Debug|x64
		{6FF25673-DA74-455D-9756-9A5002505231}.Debug|x64.Build.0 = Debug|x64
		{6FF25673-DA74-455D-9756-9A5002505231}.Debug|x86.ActiveCfg = Debug|Win32
		{6FF25673-DA74-455D-9756-9A5002505231}.Debug|x86.Build.0 = Debug|Win32
		{6FF25673-DA74-455D-9756-9A5002505231}.Release|x64.ActiveCfg = Release|x64
		{6FF25673-DA74-455D-9756-9A5002505231}.Release|x64.Build.0 = Release|x64
		{6FF25673-DA74-455D-9756-9A5002505231}.Release|x86.ActiveCfg = Release|Win32
		{6FF25673-DA74-455D-9756-9A5002505231}.Release|x86.Build.0 = Release|Win32
	EndGlobalSection
	GlobalSection(SolutionProperties) = preSolution
		HideSolutionNode = FALSE
	EndGlobalSection
	GlobalSection(ExtensibilityGlobals) = postSolution
		SolutionGuid = {FC6D0099-9BD0-4C12-A6E7-383B28521B59}
	EndGlobalSection
EndGlobal
